
Microsoft Visual Studio Solution File, Format Version 12.00
# Visual Studio Version 16
VisualStudioVersion = 16.0.31129.286
MinimumVisualStudioVersion = 10.0.40219.1
Project("{FAE04EC0-301F-11D3-BF4B-00C04F79EFBC}") = "unitrix0.rightbright", "unitrix0.rightbright\unitrix0.rightbright.csproj", "{FC5A996A-690B-4B64-A809-C31198ECDCE7}"
EndProject
Global
	GlobalSection(SolutionConfigurationPlatforms) = preSolution
		Debug|Any CPU = Debug|Any CPU
		Release|Any CPU = Release|Any CPU
	EndGlobalSection
	GlobalSection(ProjectConfigurationPlatforms) = postSolution
		{FC5A996A-690B-4B64-A809-C31198ECDCE7}.Debug|Any CPU.ActiveCfg = Debug|Any CPU
		{FC5A996A-690B-4B64-A809-C31198ECDCE7}.Debug|Any CPU.Build.0 = Debug|Any CPU
		{FC5A996A-690B-4B64-A809-C31198ECDCE7}.Release|Any CPU.ActiveCfg = Release|Any CPU
		{FC5A996A-690B-4B64-A809-C31198ECDCE7}.Release|Any CPU.Build.0 = Release|Any CPU
	EndGlobalSection
	GlobalSection(SolutionProperties) = preSolution
		HideSolutionNode = FALSE
	EndGlobalSection
	GlobalSection(ExtensibilityGlobals) = postSolution
		SolutionGuid = {DED7B124-BBE9-4D22-B89F-948C13AA7745}
	EndGlobalSection
EndGlobal
